{
  "nodes": {
    "crane": {
      "locked": {
        "lastModified": 1768873933,
        "narHash": "sha256-CfyzdaeLNGkyAHp3kT5vjvXhA1pVVK7nyDziYxCPsNk=",
        "owner": "ipetkov",
        "repo": "crane",
        "rev": "0bda7e7d005ccb5522a76d11ccfbf562b71953ca",
        "type": "github"
      },
      "original": {
        "owner": "ipetkov",
        "repo": "crane",
        "type": "github"
      }
    },
    "nixpkgs": {
      "locked": {
        "lastModified": 1768875095,
        "narHash": "sha256-dYP3DjiL7oIiiq3H65tGIXXIT1Waiadmv93JS0sS+8A=",
        "owner": "NixOS",
        "repo": "nixpkgs",
        "rev": "ed142ab1b3a092c4d149245d0c4126a5d7ea00b0",
        "type": "github"
      },
      "original": {
        "owner": "NixOS",
        "ref": "nixpkgs-unstable",
        "repo": "nixpkgs",
        "type": "github"
      }
    },
    "reedline": {
      "inputs": {
        "crane": [
          "crane"
        ],
        "nixpkgs": [
          "nixpkgs"
        ]
      },
      "locked": {
        "lastModified": 1769175262,
        "narHash": "sha256-tNWU+3yn0OoingpMSSiMHLr/fh+5P1hArh5OjeRhRHU=",
        "ref": "inline-hints",
        "rev": "135003ef493bdc29ab3e3ad0b65319183332f2bd",
        "revCount": 664,
        "type": "git",
        "url": "https://github.com/wvhulle/reedline"
      },
      "original": {
        "ref": "inline-hints",
        "type": "git",
        "url": "https://github.com/wvhulle/reedline"
      }
    },
    "root": {
      "inputs": {
        "crane": "crane",
        "nixpkgs": "nixpkgs",
        "reedline": "reedline"
      }
    }
  },
  "root": "root",
  "version": 7
}
