{
  "nodes": {
    "crane": {
      "locked": {
        "lastModified": 1768700043,
        "narHash": "sha256-rfs2aP+wdueJZ6uABaj0e0PavQyzkRJuJX30HNcBPTg=",
        "owner": "ipetkov",
        "repo": "crane",
        "rev": "935de8bd6838d940988bb065be2a2034259327b9",
        "type": "github"
      },
      "original": {
        "owner": "ipetkov",
        "repo": "crane",
        "type": "github"
      }
    },
    "nixpkgs": {
      "locked": {
        "lastModified": 1768661221,
        "narHash": "sha256-MJwOjrIISfOpdI9x4C+5WFQXvHtOuj5mqLZ4TMEtk1M=",
        "owner": "NixOS",
        "repo": "nixpkgs",
        "rev": "3327b113f2ef698d380df83fbccefad7e83d7769",
        "type": "github"
      },
      "original": {
        "owner": "NixOS",
        "ref": "nixpkgs-unstable",
        "repo": "nixpkgs",
        "type": "github"
      }
    },
    "reedline": {
      "inputs": {
        "crane": [
          "crane"
        ],
        "nixpkgs": [
          "nixpkgs"
        ]
      },
      "locked": {
        "lastModified": 1768758756,
        "narHash": "sha256-GEED8F+MpS5X9R0sVqh50SB57kdH5Mmy7OTgRjBJwgc=",
        "ref": "inline-hints",
        "rev": "2e333d169ff5e99a54ff18cdc03b2ea9e78e41fb",
        "revCount": 659,
        "type": "git",
        "url": "https://github.com/wvhulle/reedline"
      },
      "original": {
        "ref": "inline-hints",
        "type": "git",
        "url": "https://github.com/wvhulle/reedline"
      }
    },
    "root": {
      "inputs": {
        "crane": "crane",
        "nixpkgs": "nixpkgs",
        "reedline": "reedline"
      }
    }
  },
  "root": "root",
  "version": 7
}
